
Microsoft Visual Studio Solution File, Format Version 12.00
# Visual Studio Version 17
VisualStudioVersion = 17.7.34031.279
MinimumVisualStudioVersion = 10.0.40219.1
Project("{FAE04EC0-301F-11D3-BF4B-00C04F79EFBC}") = "cell", "cell\cell.csproj", "{8142E1DE-E3F6-4C78-B71C-6911D1EBC8BC}"
EndProject
Global
	GlobalSection(SolutionConfigurationPlatforms) = preSolution
		Debug|Any CPU = Debug|Any CPU
		Release|Any CPU = Release|Any CPU
	EndGlobalSection
	GlobalSection(ProjectConfigurationPlatforms) = postSolution
		{8142E1DE-E3F6-4C78-B71C-6911D1EBC8BC}.Debug|Any CPU.ActiveCfg = Debug|Any CPU
		{8142E1DE-E3F6-4C78-B71C-6911D1EBC8BC}.Debug|Any CPU.Build.0 = Debug|Any CPU
		{8142E1DE-E3F6-4C78-B71C-6911D1EBC8BC}.Release|Any CPU.ActiveCfg = Release|Any CPU
		{8142E1DE-E3F6-4C78-B71C-6911D1EBC8BC}.Release|Any CPU.Build.0 = Release|Any CPU
	EndGlobalSection
	GlobalSection(SolutionProperties) = preSolution
		HideSolutionNode = FALSE
	EndGlobalSection
	GlobalSection(ExtensibilityGlobals) = postSolution
		SolutionGuid = {87AE8BB5-C49B-4295-9131-585F88D816AF}
	EndGlobalSection
EndGlobal
